// !$*UTF8*$!
{
	archiveVersion = 1;
	classes = {
	};
	objectVersion = 46;
	objects = {

/* Begin PBXBuildFile section */
		3320F2641CC4D6230046B225 /* main.m in Sources */ = {isa = PBXBuildFile; fileRef = 3320F2631CC4D6230046B225 /* main.m */; };
		3320F2671CC4D6230046B225 /* AppDelegate.m in Sources */ = {isa = PBXBuildFile; fileRef = 3320F2661CC4D6230046B225 /* AppDelegate.m */; };
		3320F26A1CC4D6230046B225 /* ViewController.m in Sources */ = {isa = PBXBuildFile; fileRef = 3320F2691CC4D6230046B225 /* ViewController.m */; };
		3320F26D1CC4D6230046B225 /* Main.storyboard in Resources */ = {isa = PBXBuildFile; fileRef = 3320F26B1CC4D6230046B225 /* Main.storyboard */; };
		3320F26F1CC4D6230046B225 /* Assets.xcassets in Resources */ = {isa = PBXBuildFile; fileRef = 3320F26E1CC4D6230046B225 /* Assets.xcassets */; };
		3320F2721CC4D6230046B225 /* LaunchScreen.storyboard in Resources */ = {isa = PBXBuildFile; fileRef = 3320F2701CC4D6230046B225 /* LaunchScreen.storyboard */; };
		3320F27D1CC4D6230046B225 /* texttestTests.m in Sources */ = {isa = PBXBuildFile; fileRef = 3320F27C1CC4D6230046B225 /* texttestTests.m */; };
		3320F2881CC4D6230046B225 /* texttestUITests.m in Sources */ = {isa = PBXBuildFile; fileRef = 3320F2871CC4D6230046B225 /* texttestUITests.m */; };
/* End PBXBuildFile section */

/* Begin PBXContainerItemProxy section */
		3320F2791CC4D6230046B225 /* PBXContainerItemProxy */ = {
			isa = PBXContainerItemProxy;
			containerPortal = 3320F2571CC4D6230046B225 /* Project object */;
			proxyType = 1;
			remoteGlobalIDString = 3320F25E1CC4D6230046B225;
			remoteInfo = texttest;
		};
		3320F2841CC4D6230046B225 /* PBXContainerItemProxy */ = {
			isa = PBXContainerItemProxy;
			containerPortal = 3320F2571CC4D6230046B225 /* Project object */;
			proxyType = 1;
			remoteGlobalIDString = 3320F25E1CC4D6230046B225;
			remoteInfo = texttest;
		};
/* End PBXContainerItemProxy section */

/* Begin PBXFileReference section */
		3320F25F1CC4D6230046B225 /* texttest.app */ = {isa = PBXFileReference; explicitFileType = wrapper.application; includeInIndex = 0; path = texttest.app; sourceTree = BUILT_PRODUCTS_DIR; };
		3320F2631CC4D6230046B225 /* main.m */ = {isa = PBXFileReference; lastKnownFileType = sourcecode.c.objc; path = main.m; sourceTree = "<group>"; };
		3320F2651CC4D6230046B225 /* AppDelegate.h */ = {isa = PBXFileReference; lastKnownFileType = sourcecode.c.h; path = AppDelegate.h; sourceTree = "<group>"; };
		3320F2661CC4D6230046B225 /* AppDelegate.m */ = {isa = PBXFileReference; lastKnownFileType = sourcecode.c.objc; path = AppDelegate.m; sourceTree = "<group>"; };
		3320F2681CC4D6230046B225 /* ViewController.h */ = {isa = PBXFileReference; lastKnownFileType = sourcecode.c.h; path = ViewController.h; sourceTree = "<group>"; };
		3320F2691CC4D6230046B225 /* ViewController.m */ = {isa = PBXFileReference; lastKnownFileType = sourcecode.c.objc; path = ViewController.m; sourceTree = "<group>"; };
		3320F26C1CC4D6230046B225 /* Base */ = {isa = PBXFileReference; lastKnownFileType = file.storyboard; name = Base; path = Base.lproj/Main.storyboard; sourceTree = "<group>"; };
		3320F26E1CC4D6230046B225 /* Assets.xcassets */ = {isa = PBXFileReference; lastKnownFileType = folder.assetcatalog; path = Assets.xcassets; sourceTree = "<group>"; };
		3320F2711CC4D6230046B225 /* Base */ = {isa = PBXFileReference; lastKnownFileType = file.storyboard; name = Base; path = Base.lproj/LaunchScreen.storyboard; sourceTree = "<group>"; };
		3320F2731CC4D6230046B225 /* Info.plist */ = {isa = PBXFileReference; lastKnownFileType = text.plist.xml; path = Info.plist; sourceTree = "<group>"; };
		3320F2781CC4D6230046B225 /* texttestTests.xctest */ = {isa = PBXFileReference; explicitFileType = wrapper.cfbundle; includeInIndex = 0; path = texttestTests.xctest; sourceTree = BUILT_PRODUCTS_DIR; };
		3320F27C1CC4D6230046B225 /* texttestTests.m */ = {isa = PBXFileReference; lastKnownFileType = sourcecode.c.objc; path = texttestTests.m; sourceTree = "<group>"; };
		3320F27E1CC4D6230046B225 /* Info.plist */ = {isa = PBXFileReference; lastKnownFileType = text.plist.xml; path = Info.plist; sourceTree = "<group>"; };
		3320F2831CC4D6230046B225 /* texttestUITests.xctest */ = {isa = PBXFileReference; explicitFileType = wrapper.cfbundle; includeInIndex = 0; path = texttestUITests.xctest; sourceTree = BUILT_PRODUCTS_DIR; };
		3320F2871CC4D6230046B225 /* texttestUITests.m */ = {isa = PBXFileReference; lastKnownFileType = sourcecode.c.objc; path = texttestUITests.m; sourceTree = "<group>"; };
		3320F2891CC4D6230046B225 /* Info.plist */ = {isa = PBXFileReference; lastKnownFileType = text.plist.xml; path = Info.plist; sourceTree = "<group>"; };
/* End PBXFileReference section */

/* Begin PBXFrameworksBuildPhase section */
		3320F25C1CC4D6230046B225 /* Frameworks */ = {
			isa = PBXFrameworksBuildPhase;
			buildActionMask = 2147483647;
			files = (
			);
			runOnlyForDeploymentPostprocessing = 0;
		};
		3320F2751CC4D6230046B225 /* Frameworks */ = {
			isa = PBXFrameworksBuildPhase;
			buildActionMask = 2147483647;
			files = (
			);
			runOnlyForDeploymentPostprocessing = 0;
		};
		3320F2801CC4D6230046B225 /* Frameworks */ = {
			isa = PBXFrameworksBuildPhase;
			buildActionMask = 2147483647;
			files = (
			);
			runOnlyForDeploymentPostprocessing = 0;
		};
/* End PBXFrameworksBuildPhase section */

/* Begin PBXGroup section */
		3320F2561CC4D6230046B225 = {
			isa = PBXGroup;
			children = (
				3320F2611CC4D6230046B225 /* texttest */,
				3320F27B1CC4D6230046B225 /* texttestTests */,
				3320F2861CC4D6230046B225 /* texttestUITests */,
				3320F2601CC4D6230046B225 /* Products */,
			);
			sourceTree = "<group>";
		};
		3320F2601CC4D6230046B225 /* Products */ = {
			isa = PBXGroup;
			children = (
				3320F25F1CC4D6230046B225 /* texttest.app */,
				3320F2781CC4D6230046B225 /* texttestTests.xctest */,
				3320F2831CC4D6230046B225 /* texttestUITests.xctest */,
			);
			name = Products;
			sourceTree = "<group>";
		};
		3320F2611CC4D6230046B225 /* texttest */ = {
			isa = PBXGroup;
			children = (
				3320F2651CC4D6230046B225 /* AppDelegate.h */,
				3320F2661CC4D6230046B225 /* AppDelegate.m */,
				3320F2681CC4D6230046B225 /* ViewController.h */,
				3320F2691CC4D6230046B225 /* ViewController.m */,
				3320F26B1CC4D6230046B225 /* Main.storyboard */,
				3320F26E1CC4D6230046B225 /* Assets.xcassets */,
				3320F2701CC4D6230046B225 /* LaunchScreen.storyboard */,
				3320F2731CC4D6230046B225 /* Info.plist */,
				3320F2621CC4D6230046B225 /* Supporting Files */,
			);
			path = texttest;
			sourceTree = "<group>";
		};
		3320F2621CC4D6230046B225 /* Supporting Files */ = {
			isa = PBXGroup;
			children = (
				3320F2631CC4D6230046B225 /* main.m */,
			);
			name = "Supporting Files";
			sourceTree = "<group>";
		};
		3320F27B1CC4D6230046B225 /* texttestTests */ = {
			isa = PBXGroup;
			children = (
				3320F27C1CC4D6230046B225 /* texttestTests.m */,
				3320F27E1CC4D6230046B225 /* Info.plist */,
			);
			path = texttestTests;
			sourceTree = "<group>";
		};
		3320F2861CC4D6230046B225 /* texttestUITests */ = {
			isa = PBXGroup;
			children = (
				3320F2871CC4D6230046B225 /* texttestUITests.m */,
				3320F2891CC4D6230046B225 /* Info.plist */,
			);
			path = texttestUITests;
			sourceTree = "<group>";
		};
/* End PBXGroup section */

/* Begin PBXNativeTarget section */
		3320F25E1CC4D6230046B225 /* texttest */ = {
			isa = PBXNativeTarget;
			buildConfigurationList = 3320F28C1CC4D6230046B225 /* Build configuration list for PBXNativeTarget "texttest" */;
			buildPhases = (
				3320F25B1CC4D6230046B225 /* Sources */,
				3320F25C1CC4D6230046B225 /* Frameworks */,
				3320F25D1CC4D6230046B225 /* Resources */,
			);
			buildRules = (
			);
			dependencies = (
			);
			name = texttest;
			productName = texttest;
			productReference = 3320F25F1CC4D6230046B225 /* texttest.app */;
			productType = "com.apple.product-type.application";
		};
		3320F2771CC4D6230046B225 /* texttestTests */ = {
			isa = PBXNativeTarget;
			buildConfigurationList = 3320F28F1CC4D6230046B225 /* Build configuration list for PBXNativeTarget "texttestTests" */;
			buildPhases = (
				3320F2741CC4D6230046B225 /* Sources */,
				3320F2751CC4D6230046B225 /* Frameworks */,
				3320F2761CC4D6230046B225 /* Resources */,
			);
			buildRules = (
			);
			dependencies = (
				3320F27A1CC4D6230046B225 /* PBXTargetDependency */,
			);
			name = texttestTests;
			productName = texttestTests;
			productReference = 3320F2781CC4D6230046B225 /* texttestTests.xctest */;
			productType = "com.apple.product-type.bundle.unit-test";
		};
		3320F2821CC4D6230046B225 /* texttestUITests */ = {
			isa = PBXNativeTarget;
			buildConfigurationList = 3320F2921CC4D6230046B225 /* Build configuration list for PBXNativeTarget "texttestUITests" */;
			buildPhases = (
				3320F27F1CC4D6230046B225 /* Sources */,
				3320F2801CC4D6230046B225 /* Frameworks */,
				3320F2811CC4D6230046B225 /* Resources */,
			);
			buildRules = (
			);
			dependencies = (
				3320F2851CC4D6230046B225 /* PBXTargetDependency */,
			);
			name = texttestUITests;
			productName = texttestUITests;
			productReference = 3320F2831CC4D6230046B225 /* texttestUITests.xctest */;
			productType = "com.apple.product-type.bundle.ui-testing";
		};
/* End PBXNativeTarget section */

/* Begin PBXProject section */
		3320F2571CC4D6230046B225 /* Project object */ = {
			isa = PBXProject;
			attributes = {
				LastUpgradeCheck = 0720;
				ORGANIZATIONNAME = chenchen;
				TargetAttributes = {
					3320F25E1CC4D6230046B225 = {
						CreatedOnToolsVersion = 7.2.1;
					};
					3320F2771CC4D6230046B225 = {
						CreatedOnToolsVersion = 7.2.1;
						TestTargetID = 3320F25E1CC4D6230046B225;
					};
					3320F2821CC4D6230046B225 = {
						CreatedOnToolsVersion = 7.2.1;
						TestTargetID = 3320F25E1CC4D6230046B225;
					};
				};
			};
			buildConfigurationList = 3320F25A1CC4D6230046B225 /* Build configuration list for PBXProject "texttest" */;
			compatibilityVersion = "Xcode 3.2";
			developmentRegion = English;
			hasScannedForEncodings = 0;
			knownRegions = (
				en,
				Base,
			);
			mainGroup = 3320F2561CC4D6230046B225;
			productRefGroup = 3320F2601CC4D6230046B225 /* Products */;
			projectDirPath = "";
			projectRoot = "";
			targets = (
				3320F25E1CC4D6230046B225 /* texttest */,
				3320F2771CC4D6230046B225 /* texttestTests */,
				3320F2821CC4D6230046B225 /* texttestUITests */,
			);
		};
/* End PBXProject section */

/* Begin PBXResourcesBuildPhase section */
		3320F25D1CC4D6230046B225 /* Resources */ = {
			isa = PBXResourcesBuildPhase;
			buildActionMask = 2147483647;
			files = (
				3320F2721CC4D6230046B225 /* LaunchScreen.storyboard in Resources */,
				3320F26F1CC4D6230046B225 /* Assets.xcassets in Resources */,
				3320F26D1CC4D6230046B225 /* Main.storyboard in Resources */,
			);
			runOnlyForDeploymentPostprocessing = 0;
		};
		3320F2761CC4D6230046B225 /* Resources */ = {
			isa = PBXResourcesBuildPhase;
			buildActionMask = 2147483647;
			files = (
			);
			runOnlyForDeploymentPostprocessing = 0;
		};
		3320F2811CC4D6230046B225 /* Resources */ = {
			isa = PBXResourcesBuildPhase;
			buildActionMask = 2147483647;
			files = (
			);
			runOnlyForDeploymentPostprocessing = 0;
		};
/* End PBXResourcesBuildPhase section */

/* Begin PBXSourcesBuildPhase section */
		3320F25B1CC4D6230046B225 /* Sources */ = {
			isa = PBXSourcesBuildPhase;
			buildActionMask = 2147483647;
			files = (
				3320F26A1CC4D6230046B225 /* ViewController.m in Sources */,
				3320F2671CC4D6230046B225 /* AppDelegate.m in Sources */,
				3320F2641CC4D6230046B225 /* main.m in Sources */,
			);
			runOnlyForDeploymentPostprocessing = 0;
		};
		3320F2741CC4D6230046B225 /* Sources */ = {
			isa = PBXSourcesBuildPhase;
			buildActionMask = 2147483647;
			files = (
				3320F27D1CC4D6230046B225 /* texttestTests.m in Sources */,
			);
			runOnlyForDeploymentPostprocessing = 0;
		};
		3320F27F1CC4D6230046B225 /* Sources */ = {
			isa = PBXSourcesBuildPhase;
			buildActionMask = 2147483647;
			files = (
				3320F2881CC4D6230046B225 /* texttestUITests.m in Sources */,
			);
			runOnlyForDeploymentPostprocessing = 0;
		};
/* End PBXSourcesBuildPhase section */

/* Begin PBXTargetDependency section */
		3320F27A1CC4D6230046B225 /* PBXTargetDependency */ = {
			isa = PBXTargetDependency;
			target = 3320F25E1CC4D6230046B225 /* texttest */;
			targetProxy = 3320F2791CC4D6230046B225 /* PBXContainerItemProxy */;
		};
		3320F2851CC4D6230046B225 /* PBXTargetDependency */ = {
			isa = PBXTargetDependency;
			target = 3320F25E1CC4D6230046B225 /* texttest */;
			targetProxy = 3320F2841CC4D6230046B225 /* PBXContainerItemProxy */;
		};
/* End PBXTargetDependency section */

/* Begin PBXVariantGroup section */
		3320F26B1CC4D6230046B225 /* Main.storyboard */ = {
			isa = PBXVariantGroup;
			children = (
				3320F26C1CC4D6230046B225 /* Base */,
			);
			name = Main.storyboard;
			sourceTree = "<group>";
		};
		3320F2701CC4D6230046B225 /* LaunchScreen.storyboard */ = {
			isa = PBXVariantGroup;
			children = (
				3320F2711CC4D6230046B225 /* Base */,
			);
			name = LaunchScreen.storyboard;
			sourceTree = "<group>";
		};
/* End PBXVariantGroup section */

/* Begin XCBuildConfiguration section */
		3320F28A1CC4D6230046B225 /* Debug */ = {
			isa = XCBuildConfiguration;
			buildSettings = {
				ALWAYS_SEARCH_USER_PATHS = NO;
				CLANG_CXX_LANGUAGE_STANDARD = "gnu++0x";
				CLANG_CXX_LIBRARY = "libc++";
				CLANG_ENABLE_MODULES = YES;
				CLANG_ENABLE_OBJC_ARC = YES;
				CLANG_WARN_BOOL_CONVERSION = YES;
				CLANG_WARN_CONSTANT_CONVERSION = YES;
				CLANG_WARN_DIRECT_OBJC_ISA_USAGE = YES_ERROR;
				CLANG_WARN_EMPTY_BODY = YES;
				CLANG_WARN_ENUM_CONVERSION = YES;
				CLANG_WARN_INT_CONVERSION = YES;
				CLANG_WARN_OBJC_ROOT_CLASS = YES_ERROR;
				CLANG_WARN_UNREACHABLE_CODE = YES;
				CLANG_WARN__DUPLICATE_METHOD_MATCH = YES;
				"CODE_SIGN_IDENTITY[sdk=iphoneos*]" = "iPhone Developer";
				COPY_PHASE_STRIP = NO;
				DEBUG_INFORMATION_FORMAT = dwarf;
				ENABLE_STRICT_OBJC_MSGSEND = YES;
				ENABLE_TESTABILITY = YES;
				GCC_C_LANGUAGE_STANDARD = gnu99;
				GCC_DYNAMIC_NO_PIC = NO;
				GCC_NO_COMMON_BLOCKS = YES;
				GCC_OPTIMIZATION_LEVEL = 0;
				GCC_PREPROCESSOR_DEFINITIONS = (
					"DEBUG=1",
					"$(inherited)",
				);
				GCC_WARN_64_TO_32_BIT_CONVERSION = YES;
				GCC_WARN_ABOUT_RETURN_TYPE = YES_ERROR;
				GCC_WARN_UNDECLARED_SELECTOR = YES;
				GCC_WARN_UNINITIALIZED_AUTOS = YES_AGGRESSIVE;
				GCC_WARN_UNUSED_FUNCTION = YES;
				GCC_WARN_UNUSED_VARIABLE = YES;
				IPHONEOS_DEPLOYMENT_TARGET = 9.2;
				MTL_ENABLE_DEBUG_INFO = YES;
				ONLY_ACTIVE_ARCH = YES;
				SDKROOT = iphoneos;
				TARGETED_DEVICE_FAMILY = "1,2";
			};
			name = Debug;
		};
		3320F28B1CC4D6230046B225 /* Release */ = {
			isa = XCBuildConfiguration;
			buildSettings = {
				ALWAYS_SEARCH_USER_PATHS = NO;
				CLANG_CXX_LANGUAGE_STANDARD = "gnu++0x";
				CLANG_CXX_LIBRARY = "libc++";
				CLANG_ENABLE_MODULES = YES;
				CLANG_ENABLE_OBJC_ARC = YES;
				CLANG_WARN_BOOL_CONVERSION = YES;
				CLANG_WARN_CONSTANT_CONVERSION = YES;
				CLANG_WARN_DIRECT_OBJC_ISA_USAGE = YES_ERROR;
				CLANG_WARN_EMPTY_BODY = YES;
				CLANG_WARN_ENUM_CONVERSION = YES;
				CLANG_WARN_INT_CONVERSION = YES;
				CLANG_WARN_OBJC_ROOT_CLASS = YES_ERROR;
				CLANG_WARN_UNREACHABLE_CODE = YES;
				CLANG_WARN__DUPLICATE_METHOD_MATCH = YES;
				"CODE_SIGN_IDENTITY[sdk=iphoneos*]" = "iPhone Developer";
				COPY_PHASE_STRIP = NO;
				DEBUG_INFORMATION_FORMAT = "dwarf-with-dsym";
				ENABLE_NS_ASSERTIONS = NO;
				ENABLE_STRICT_OBJC_MSGSEND = YES;
				GCC_C_LANGUAGE_STANDARD = gnu99;
				GCC_NO_COMMON_BLOCKS = YES;
				GCC_WARN_64_TO_32_BIT_CONVERSION = YES;
				GCC_WARN_ABOUT_RETURN_TYPE = YES_ERROR;
				GCC_WARN_UNDECLARED_SELECTOR = YES;
				GCC_WARN_UNINITIALIZED_AUTOS = YES_AGGRESSIVE;
				GCC_WARN_UNUSED_FUNCTION = YES;
				GCC_WARN_UNUSED_VARIABLE = YES;
				IPHONEOS_DEPLOYMENT_TARGET = 9.2;
				MTL_ENABLE_DEBUG_INFO = NO;
				SDKROOT = iphoneos;
				TARGETED_DEVICE_FAMILY = "1,2";
				VALIDATE_PRODUCT = YES;
			};
			name = Release;
		};
		3320F28D1CC4D6230046B225 /* Debug */ = {
			isa = XCBuildConfiguration;
			buildSettings = {
				ASSETCATALOG_COMPILER_APPICON_NAME = AppIcon;
				INFOPLIST_FILE = texttest/Info.plist;
				LD_RUNPATH_SEARCH_PATHS = "$(inherited) @executable_path/Frameworks";
				PRODUCT_BUNDLE_IDENTIFIER = cc.texttest;
				PRODUCT_NAME = "$(TARGET_NAME)";
			};
			name = Debug;
		};
		3320F28E1CC4D6230046B225 /* Release */ = {
			isa = XCBuildConfiguration;
			buildSettings = {
				ASSETCATALOG_COMPILER_APPICON_NAME = AppIcon;
				INFOPLIST_FILE = texttest/Info.plist;
				LD_RUNPATH_SEARCH_PATHS = "$(inherited) @executable_path/Frameworks";
				PRODUCT_BUNDLE_IDENTIFIER = cc.texttest;
				PRODUCT_NAME = "$(TARGET_NAME)";
			};
			name = Release;
		};
		3320F2901CC4D6230046B225 /* Debug */ = {
			isa = XCBuildConfiguration;
			buildSettings = {
				BUNDLE_LOADER = "$(TEST_HOST)";
				INFOPLIST_FILE = texttestTests/Info.plist;
				LD_RUNPATH_SEARCH_PATHS = "$(inherited) @executable_path/Frameworks @loader_path/Frameworks";
				PRODUCT_BUNDLE_IDENTIFIER = cc.texttestTests;
				PRODUCT_NAME = "$(TARGET_NAME)";
				TEST_HOST = "$(BUILT_PRODUCTS_DIR)/texttest.app/texttest";
			};
			name = Debug;
		};
		3320F2911CC4D6230046B225 /* Release */ = {
			isa = XCBuildConfiguration;
			buildSettings = {
				BUNDLE_LOADER = "$(TEST_HOST)";
				INFOPLIST_FILE = texttestTests/Info.plist;
				LD_RUNPATH_SEARCH_PATHS = "$(inherited) @executable_path/Frameworks @loader_path/Frameworks";
				PRODUCT_BUNDLE_IDENTIFIER = cc.texttestTests;
				PRODUCT_NAME = "$(TARGET_NAME)";
				TEST_HOST = "$(BUILT_PRODUCTS_DIR)/texttest.app/texttest";
			};
			name = Release;
		};
		3320F2931CC4D6230046B225 /* Debug */ = {
			isa = XCBuildConfiguration;
			buildSettings = {
				INFOPLIST_FILE = texttestUITests/Info.plist;
				LD_RUNPATH_SEARCH_PATHS = "$(inherited) @executable_path/Frameworks @loader_path/Frameworks";
				PRODUCT_BUNDLE_IDENTIFIER = cc.texttestUITests;
				PRODUCT_NAME = "$(TARGET_NAME)";
				TEST_TARGET_NAME = texttest;
				USES_XCTRUNNER = YES;
			};
			name = Debug;
		};
		3320F2941CC4D6230046B225 /* Release */ = {
			isa = XCBuildConfiguration;
			buildSettings = {
				INFOPLIST_FILE = texttestUITests/Info.plist;
				LD_RUNPATH_SEARCH_PATHS = "$(inherited) @executable_path/Frameworks @loader_path/Frameworks";
				PRODUCT_BUNDLE_IDENTIFIER = cc.texttestUITests;
				PRODUCT_NAME = "$(TARGET_NAME)";
				TEST_TARGET_NAME = texttest;
				USES_XCTRUNNER = YES;
			};
			name = Release;
		};
/* End XCBuildConfiguration section */

/* Begin XCConfigurationList section */
		3320F25A1CC4D6230046B225 /* Build configuration list for PBXProject "texttest" */ = {
			isa = XCConfigurationList;
			buildConfigurations = (
				3320F28A1CC4D6230046B225 /* Debug */,
				3320F28B1CC4D6230046B225 /* Release */,
			);
			defaultConfigurationIsVisible = 0;
			defaultConfigurationName = Release;
		};
		3320F28C1CC4D6230046B225 /* Build configuration list for PBXNativeTarget "texttest" */ = {
			isa = XCConfigurationList;
			buildConfigurations = (
				3320F28D1CC4D6230046B225 /* Debug */,
				3320F28E1CC4D6230046B225 /* Release */,
			);
			defaultConfigurationIsVisible = 0;
		};
		3320F28F1CC4D6230046B225 /* Build configuration list for PBXNativeTarget "texttestTests" */ = {
			isa = XCConfigurationList;
			buildConfigurations = (
				3320F2901CC4D6230046B225 /* Debug */,
				3320F2911CC4D6230046B225 /* Release */,
			);
			defaultConfigurationIsVisible = 0;
		};
		3320F2921CC4D6230046B225 /* Build configuration list for PBXNativeTarget "texttestUITests" */ = {
			isa = XCConfigurationList;
			buildConfigurations = (
				3320F2931CC4D6230046B225 /* Debug */,
				3320F2941CC4D6230046B225 /* Release */,
			);
			defaultConfigurationIsVisible = 0;
		};
/* End XCConfigurationList section */
	};
	rootObject = 3320F2571CC4D6230046B225 /* Project object */;
}
